
Microsoft Visual Studio Solution File, Format Version 12.00
# Visual Studio Version 17
VisualStudioVersion = 17.12.35521.163 d17.12
MinimumVisualStudioVersion = 10.0.40219.1
Project("{FAE04EC0-301F-11D3-BF4B-00C04F79EFBC}") = "ShimmerIssue", "ShimmerIssue.csproj", "{7A64AB08-9D76-4192-8040-B02B38CC1248}"
EndProject
Global
	GlobalSection(SolutionConfigurationPlatforms) = preSolution
		Debug|Any CPU = Debug|Any CPU
		Release|Any CPU = Release|Any CPU
	EndGlobalSection
	GlobalSection(ProjectConfigurationPlatforms) = postSolution
		{7A64AB08-9D76-4192-8040-B02B38CC1248}.Debug|Any CPU.ActiveCfg = Debug|Any CPU
		{7A64AB08-9D76-4192-8040-B02B38CC1248}.Debug|Any CPU.Build.0 = Debug|Any CPU
		{7A64AB08-9D76-4192-8040-B02B38CC1248}.Release|Any CPU.ActiveCfg = Release|Any CPU
		{7A64AB08-9D76-4192-8040-B02B38CC1248}.Release|Any CPU.Build.0 = Release|Any CPU
	EndGlobalSection
	GlobalSection(SolutionProperties) = preSolution
		HideSolutionNode = FALSE
	EndGlobalSection
EndGlobal
